
Microsoft Visual Studio Solution File, Format Version 12.00
# Visual Studio Version 16
VisualStudioVersion = 16.0.32106.194
MinimumVisualStudioVersion = 10.0.40219.1
Project("{FAE04EC0-301F-11D3-BF4B-00C04F79EFBC}") = "wordle", "wordle\wordle.csproj", "{DD8EC3A9-4021-4B21-9B56-D672E1C4A2C8}"
EndProject
Global
	GlobalSection(SolutionConfigurationPlatforms) = preSolution
		Debug|Any CPU = Debug|Any CPU
		Release|Any CPU = Release|Any CPU
	EndGlobalSection
	GlobalSection(ProjectConfigurationPlatforms) = postSolution
		{DD8EC3A9-4021-4B21-9B56-D672E1C4A2C8}.Debug|Any CPU.ActiveCfg = Debug|Any CPU
		{DD8EC3A9-4021-4B21-9B56-D672E1C4A2C8}.Debug|Any CPU.Build.0 = Debug|Any CPU
		{DD8EC3A9-4021-4B21-9B56-D672E1C4A2C8}.Release|Any CPU.ActiveCfg = Release|Any CPU
		{DD8EC3A9-4021-4B21-9B56-D672E1C4A2C8}.Release|Any CPU.Build.0 = Release|Any CPU
	EndGlobalSection
	GlobalSection(SolutionProperties) = preSolution
		HideSolutionNode = FALSE
	EndGlobalSection
	GlobalSection(ExtensibilityGlobals) = postSolution
		SolutionGuid = {300B1941-A310-47C0-AAFF-F7219B687B44}
	EndGlobalSection
EndGlobal
